<Solution>
  <Folder Name="/src/">
    <Project Path="src/AgentWorkflowBuilder.Agents/AgentWorkflowBuilder.Agents.csproj" />
    <Project Path="src/AgentWorkflowBuilder.Api/AgentWorkflowBuilder.Api.csproj" />
    <Project Path="src/AgentWorkflowBuilder.Core/AgentWorkflowBuilder.Core.csproj" />
    <Project Path="src/AgentWorkflowBuilder.Persistence/AgentWorkflowBuilder.Persistence.csproj" />
  </Folder>
  <Folder Name="/test/">
    <Project Path="test/AgentWorkflowBuilder.Core.Tests/AgentWorkflowBuilder.Core.Tests.csproj" />
    <Project Path="test/AgentWorkflowBuilder.Persistence.Tests/AgentWorkflowBuilder.Persistence.Tests.csproj" />
  </Folder>
</Solution>
